
Microsoft Visual Studio Solution File, Format Version 12.00
Project("{FAE04EC0-301F-11D3-BF4B-00C04F79EFBC}") = "TeamHost", "TeamHost\TeamHost.csproj", "{9AF68FB5-56AC-4418-992A-871D1F91A133}"
EndProject
Global
	GlobalSection(SolutionConfigurationPlatforms) = preSolution
		Debug|Any CPU = Debug|Any CPU
		Release|Any CPU = Release|Any CPU
	EndGlobalSection
	GlobalSection(ProjectConfigurationPlatforms) = postSolution
		{9AF68FB5-56AC-4418-992A-871D1F91A133}.Debug|Any CPU.ActiveCfg = Debug|Any CPU
		{9AF68FB5-56AC-4418-992A-871D1F91A133}.Debug|Any CPU.Build.0 = Debug|Any CPU
		{9AF68FB5-56AC-4418-992A-871D1F91A133}.Release|Any CPU.ActiveCfg = Release|Any CPU
		{9AF68FB5-56AC-4418-992A-871D1F91A133}.Release|Any CPU.Build.0 = Release|Any CPU
	EndGlobalSection
EndGlobal
